
Microsoft Visual Studio Solution File, Format Version 12.00
# Visual Studio Version 16
VisualStudioVersion = 16.0.30225.117
MinimumVisualStudioVersion = 10.0.40219.1
Project("{FAE04EC0-301F-11D3-BF4B-00C04F79EFBC}") = "Password Checker", "Password Checker\Password Checker.csproj", "{E20433D9-6AC3-4EA0-BC89-1131142E991E}"
EndProject
Global
	GlobalSection(SolutionConfigurationPlatforms) = preSolution
		Debug|Any CPU = Debug|Any CPU
		Release|Any CPU = Release|Any CPU
	EndGlobalSection
	GlobalSection(ProjectConfigurationPlatforms) = postSolution
		{E20433D9-6AC3-4EA0-BC89-1131142E991E}.Debug|Any CPU.ActiveCfg = Debug|Any CPU
		{E20433D9-6AC3-4EA0-BC89-1131142E991E}.Debug|Any CPU.Build.0 = Debug|Any CPU
		{E20433D9-6AC3-4EA0-BC89-1131142E991E}.Release|Any CPU.ActiveCfg = Release|Any CPU
		{E20433D9-6AC3-4EA0-BC89-1131142E991E}.Release|Any CPU.Build.0 = Release|Any CPU
	EndGlobalSection
	GlobalSection(SolutionProperties) = preSolution
		HideSolutionNode = FALSE
	EndGlobalSection
	GlobalSection(ExtensibilityGlobals) = postSolution
		SolutionGuid = {406AC963-0A68-42AA-BA8A-9ACCC655F35B}
	EndGlobalSection
EndGlobal
